
Microsoft Visual Studio Solution File, Format Version 12.00
# Visual Studio Version 16
VisualStudioVersion = 16.0.29215.179
MinimumVisualStudioVersion = 10.0.40219.1
Project("{8BC9CEB8-8B4A-11D0-8D11-00A0C91BC942}") = "CPEN333Assignment1", "CPEN333Assignment1\CPEN333Assignment1.vcxproj", "{58A9E427-FC15-40F6-8146-B042378A5ED4}"
EndProject
Project("{8BC9CEB8-8B4A-11D0-8D11-00A0C91BC942}") = "IO", "IO\IO.vcxproj", "{D4BE9255-7D17-45E7-88A0-672CF362F781}"
EndProject
Project("{8BC9CEB8-8B4A-11D0-8D11-00A0C91BC942}") = "Elevator1", "Elevator1\Elevator1.vcxproj", "{57FAED55-6B02-4022-982E-3FF4DD7DF77E}"
EndProject
Project("{8BC9CEB8-8B4A-11D0-8D11-00A0C91BC942}") = "Elevator2", "Elevator2\Elevator2.vcxproj", "{8374EB2E-DBCF-403D-8913-2697B4CB0D0D}"
EndProject
Project("{8BC9CEB8-8B4A-11D0-8D11-00A0C91BC942}") = "Passengers", "Passengers\Passengers.vcxproj", "{A1B191A5-4914-4873-A43D-8630A5FFDEF9}"
EndProject
Global
	GlobalSection(SolutionConfigurationPlatforms) = preSolution
		Debug|x64 = Debug|x64
		Debug|x86 = Debug|x86
		Release|x64 = Release|x64
		Release|x86 = Release|x86
	EndGlobalSection
	GlobalSection(ProjectConfigurationPlatforms) = postSolution
		{58A9E427-FC15-40F6-8146-B042378A5ED4}.Debug|x64.ActiveCfg = Debug|Win32
		{58A9E427-FC15-40F6-8146-B042378A5ED4}.Debug|x64.Build.0 = Debug|Win32
		{58A9E427-FC15-40F6-8146-B042378A5ED4}.Debug|x86.ActiveCfg = Debug|Win32
		{58A9E427-FC15-40F6-8146-B042378A5ED4}.Debug|x86.Build.0 = Debug|Win32
		{58A9E427-FC15-40F6-8146-B042378A5ED4}.Release|x64.ActiveCfg = Release|x64
		{58A9E427-FC15-40F6-8146-B042378A5ED4}.Release|x64.Build.0 = Release|x64
		{58A9E427-FC15-40F6-8146-B042378A5ED4}.Release|x86.ActiveCfg = Release|Win32
		{58A9E427-FC15-40F6-8146-B042378A5ED4}.Release|x86.Build.0 = Release|Win32
		{D4BE9255-7D17-45E7-88A0-672CF362F781}.Debug|x64.ActiveCfg = Debug|Win32
		{D4BE9255-7D17-45E7-88A0-672CF362F781}.Debug|x64.Build.0 = Debug|Win32
		{D4BE9255-7D17-45E7-88A0-672CF362F781}.Debug|x86.ActiveCfg = Debug|Win32
		{D4BE9255-7D17-45E7-88A0-672CF362F781}.Debug|x86.Build.0 = Debug|Win32
		{D4BE9255-7D17-45E7-88A0-672CF362F781}.Release|x64.ActiveCfg = Release|x64
		{D4BE9255-7D17-45E7-88A0-672CF362F781}.Release|x64.Build.0 = Release|x64
		{D4BE9255-7D17-45E7-88A0-672CF362F781}.Release|x86.ActiveCfg = Release|Win32
		{D4BE9255-7D17-45E7-88A0-672CF362F781}.Release|x86.Build.0 = Release|Win32
		{57FAED55-6B02-4022-982E-3FF4DD7DF77E}.Debug|x64.ActiveCfg = Debug|Win32
		{57FAED55-6B02-4022-982E-3FF4DD7DF77E}.Debug|x64.Build.0 = Debug|Win32
		{57FAED55-6B02-4022-982E-3FF4DD7DF77E}.Debug|x86.ActiveCfg = Debug|Win32
		{57FAED55-6B02-4022-982E-3FF4DD7DF77E}.Debug|x86.Build.0 = Debug|Win32
		{57FAED55-6B02-4022-982E-3FF4DD7DF77E}.Release|x64.ActiveCfg = Release|x64
		{57FAED55-6B02-4022-982E-3FF4DD7DF77E}.Release|x64.Build.0 = Release|x64
		{57FAED55-6B02-4022-982E-3FF4DD7DF77E}.Release|x86.ActiveCfg = Release|Win32
		{57FAED55-6B02-4022-982E-3FF4DD7DF77E}.Release|x86.Build.0 = Release|Win32
		{8374EB2E-DBCF-403D-8913-2697B4CB0D0D}.Debug|x64.ActiveCfg = Debug|Win32
		{8374EB2E-DBCF-403D-8913-2697B4CB0D0D}.Debug|x64.Build.0 = Debug|Win32
		{8374EB2E-DBCF-403D-8913-2697B4CB0D0D}.Debug|x86.ActiveCfg = Debug|Win32
		{8374EB2E-DBCF-403D-8913-2697B4CB0D0D}.Debug|x86.Build.0 = Debug|Win32
		{8374EB2E-DBCF-403D-8913-2697B4CB0D0D}.Release|x64.ActiveCfg = Release|x64
		{8374EB2E-DBCF-403D-8913-2697B4CB0D0D}.Release|x64.Build.0 = Release|x64
		{8374EB2E-DBCF-403D-8913-2697B4CB0D0D}.Release|x86.ActiveCfg = Release|Win32
		{8374EB2E-DBCF-403D-8913-2697B4CB0D0D}.Release|x86.Build.0 = Release|Win32
		{A1B191A5-4914-4873-A43D-8630A5FFDEF9}.Debug|x64.ActiveCfg = Debug|x64
		{A1B191A5-4914-4873-A43D-8630A5FFDEF9}.Debug|x64.Build.0 = Debug|x64
		{A1B191A5-4914-4873-A43D-8630A5FFDEF9}.Debug|x86.ActiveCfg = Debug|Win32
		{A1B191A5-4914-4873-A43D-8630A5FFDEF9}.Debug|x86.Build.0 = Debug|Win32
		{A1B191A5-4914-4873-A43D-8630A5FFDEF9}.Release|x64.ActiveCfg = Release|x64
		{A1B191A5-4914-4873-A43D-8630A5FFDEF9}.Release|x64.Build.0 = Release|x64
		{A1B191A5-4914-4873-A43D-8630A5FFDEF9}.Release|x86.ActiveCfg = Release|Win32
		{A1B191A5-4914-4873-A43D-8630A5FFDEF9}.Release|x86.Build.0 = Release|Win32
	EndGlobalSection
	GlobalSection(SolutionProperties) = preSolution
		HideSolutionNode = FALSE
	EndGlobalSection
	GlobalSection(ExtensibilityGlobals) = postSolution
		SolutionGuid = {C9A50CE0-ED06-4A4A-ADC0-3009ABD227CA}
	EndGlobalSection
EndGlobal
